# This file is generated by running "yarn install" inside your project.
# Manual changes might be lost - proceed with caution!

__metadata:
  version: 6
  cacheKey: 8

"bug-repro-typia-esm-resolve@workspace:.":
  version: 0.0.0-use.local
  resolution: "bug-repro-typia-esm-resolve@workspace:."
  dependencies:
    typescript: ^4.9.5
    typia: ^3.5.0
  languageName: unknown
  linkType: soft

"drange@npm:^1.0.2":
  version: 1.1.1
  resolution: "drange@npm:1.1.1"
  checksum: 7e6ed639f9ab4d826e79717e2b0685a7ab02ecd39dac6483305dcc43ea2a27dc78b538e10adaba35c086efab216ef1f53f22bc402abfd0d29454b1c5f48fecd1
  languageName: node
  linkType: hard

"randexp@npm:^0.5.3":
  version: 0.5.3
  resolution: "randexp@npm:0.5.3"
  dependencies:
    drange: ^1.0.2
    ret: ^0.2.0
  checksum: 9a4011b4b012debea545fc379a18208876fffc1179d2ac211351caf7626a3956efc4bc41e329bc5b241a671553eda58e0703933a9bcfdf90dde501ba1a2cf40a
  languageName: node
  linkType: hard

"ret@npm:^0.2.0":
  version: 0.2.2
  resolution: "ret@npm:0.2.2"
  checksum: 774964bb413a3525e687bca92d81c1cd75555ec33147c32ecca22f3d06409e35df87952cfe3d57afff7650a0f7e42139cf60cb44e94c29dde390243bc1941f16
  languageName: node
  linkType: hard

"typescript@npm:^4.9.5":
  version: 4.9.5
  resolution: "typescript@npm:4.9.5"
  bin:
    tsc: bin/tsc
    tsserver: bin/tsserver
  checksum: ee000bc26848147ad423b581bd250075662a354d84f0e06eb76d3b892328d8d4440b7487b5a83e851b12b255f55d71835b008a66cbf8f255a11e4400159237db
  languageName: node
  linkType: hard

"typescript@patch:typescript@^4.9.5#~builtin<compat/typescript>":
  version: 4.9.5
  resolution: "typescript@patch:typescript@npm%3A4.9.5#~builtin<compat/typescript>::version=4.9.5&hash=23ec76"
  bin:
    tsc: bin/tsc
    tsserver: bin/tsserver
  checksum: ab417a2f398380c90a6cf5a5f74badd17866adf57f1165617d6a551f059c3ba0a3e4da0d147b3ac5681db9ac76a303c5876394b13b3de75fdd5b1eaa06181c9d
  languageName: node
  linkType: hard

"typia@npm:3.5.0":
  version: 3.5.0
  resolution: "typia@npm:3.5.0"
  dependencies:
    randexp: ^0.5.3
  peerDependencies:
    ttypescript: ">= 1.5.15"
    typescript: ">= 4.5.2"
  bin:
    typia: lib/executable/typia.js
  checksum: 32ac4acffade52d620cff4e871d0ce842afb5a3a9897273123b70dd104e3cc873089c25fb8600a19c02eeee6d69723ccf3d5d768e6efa77f67f7179da7e7eaa5
  languageName: node
  linkType: hard

"typia@patch:typia@npm%3A3.5.0#./.yarn/patches/typia-npm-3.5.0-3320b94790.patch::locator=bug-repro-typia-esm-resolve%40workspace%3A.":
  version: 3.5.0
  resolution: "typia@patch:typia@npm%3A3.5.0#./.yarn/patches/typia-npm-3.5.0-3320b94790.patch::version=3.5.0&hash=0d5c44&locator=bug-repro-typia-esm-resolve%40workspace%3A."
  dependencies:
    randexp: ^0.5.3
  peerDependencies:
    ttypescript: ">= 1.5.15"
    typescript: ">= 4.5.2"
  bin:
    typia: lib/executable/typia.js
  checksum: 5adb40775deeff88573bdc801bd40c769c3f6ab1389606bc0d2e68c09a5305b62c94e41a55dcaaf08c652a33ac7cf8d6237acb10c8ed80f27711a07de70509b2
  languageName: node
  linkType: hard
